
Microsoft Visual Studio Solution File, Format Version 12.00
# Visual Studio Version 17
VisualStudioVersion = 17.12.35707.178
MinimumVisualStudioVersion = 10.0.40219.1
Project("{9A19103F-16F7-4668-BE54-9A1E7A4F7556}") = "NUnit_SEQA", "NUnit_SEQA.csproj", "{484FBC65-F1DF-40DA-AC2A-27DC8C6A6ADA}"
EndProject
Project("{9A19103F-16F7-4668-BE54-9A1E7A4F7556}") = "Unit_SQA", "Unit_SQA.csproj", "{734BB4E3-0A96-4441-A72A-D8AC6865D9B5}"
EndProject
Global
	GlobalSection(SolutionConfigurationPlatforms) = preSolution
		Debug|Any CPU = Debug|Any CPU
		Release|Any CPU = Release|Any CPU
	EndGlobalSection
	GlobalSection(ProjectConfigurationPlatforms) = postSolution
		{484FBC65-F1DF-40DA-AC2A-27DC8C6A6ADA}.Debug|Any CPU.ActiveCfg = Debug|Any CPU
		{484FBC65-F1DF-40DA-AC2A-27DC8C6A6ADA}.Debug|Any CPU.Build.0 = Debug|Any CPU
		{484FBC65-F1DF-40DA-AC2A-27DC8C6A6ADA}.Release|Any CPU.ActiveCfg = Release|Any CPU
		{484FBC65-F1DF-40DA-AC2A-27DC8C6A6ADA}.Release|Any CPU.Build.0 = Release|Any CPU
		{734BB4E3-0A96-4441-A72A-D8AC6865D9B5}.Debug|Any CPU.ActiveCfg = Debug|Any CPU
		{734BB4E3-0A96-4441-A72A-D8AC6865D9B5}.Debug|Any CPU.Build.0 = Debug|Any CPU
		{734BB4E3-0A96-4441-A72A-D8AC6865D9B5}.Release|Any CPU.ActiveCfg = Release|Any CPU
		{734BB4E3-0A96-4441-A72A-D8AC6865D9B5}.Release|Any CPU.Build.0 = Release|Any CPU
	EndGlobalSection
	GlobalSection(SolutionProperties) = preSolution
		HideSolutionNode = FALSE
	EndGlobalSection
	GlobalSection(ExtensibilityGlobals) = postSolution
		SolutionGuid = {B9371877-7511-44A7-AE98-59DED9E8134A}
	EndGlobalSection
EndGlobal
